
Microsoft Visual Studio Solution File, Format Version 12.00
# Visual Studio Version 17
VisualStudioVersion = 17.9.34728.123
MinimumVisualStudioVersion = 10.0.40219.1
Project("{FAE04EC0-301F-11D3-BF4B-00C04F79EFBC}") = "ShahidDown.App", "ShahidDown.App\ShahidDown.App.csproj", "{76F6AF37-4B2A-4AE5-A78F-2EB2CA0D63F4}"
EndProject
Global
	GlobalSection(SolutionConfigurationPlatforms) = preSolution
		Debug|Any CPU = Debug|Any CPU
		Release|Any CPU = Release|Any CPU
	EndGlobalSection
	GlobalSection(ProjectConfigurationPlatforms) = postSolution
		{76F6AF37-4B2A-4AE5-A78F-2EB2CA0D63F4}.Debug|Any CPU.ActiveCfg = Debug|Any CPU
		{76F6AF37-4B2A-4AE5-A78F-2EB2CA0D63F4}.Debug|Any CPU.Build.0 = Debug|Any CPU
		{76F6AF37-4B2A-4AE5-A78F-2EB2CA0D63F4}.Release|Any CPU.ActiveCfg = Release|Any CPU
		{76F6AF37-4B2A-4AE5-A78F-2EB2CA0D63F4}.Release|Any CPU.Build.0 = Release|Any CPU
	EndGlobalSection
	GlobalSection(SolutionProperties) = preSolution
		HideSolutionNode = FALSE
	EndGlobalSection
	GlobalSection(ExtensibilityGlobals) = postSolution
		SolutionGuid = {A2FA3954-EE0A-436C-8198-CD151779F521}
	EndGlobalSection
EndGlobal
